
Microsoft Visual Studio Solution File, Format Version 12.00
# Visual Studio Version 17
VisualStudioVersion = 17.5.33516.290
MinimumVisualStudioVersion = 10.0.40219.1
Project("{FAE04EC0-301F-11D3-BF4B-00C04F79EFBC}") = "asyncAwaitSecondHW", "asyncAwaitSecondHW.csproj", "{7B8F54DB-D3DC-418F-A882-BC935C96B11E}"
EndProject
Global
	GlobalSection(SolutionConfigurationPlatforms) = preSolution
		Debug|Any CPU = Debug|Any CPU
		Release|Any CPU = Release|Any CPU
	EndGlobalSection
	GlobalSection(ProjectConfigurationPlatforms) = postSolution
		{7B8F54DB-D3DC-418F-A882-BC935C96B11E}.Debug|Any CPU.ActiveCfg = Debug|Any CPU
		{7B8F54DB-D3DC-418F-A882-BC935C96B11E}.Debug|Any CPU.Build.0 = Debug|Any CPU
		{7B8F54DB-D3DC-418F-A882-BC935C96B11E}.Release|Any CPU.ActiveCfg = Release|Any CPU
		{7B8F54DB-D3DC-418F-A882-BC935C96B11E}.Release|Any CPU.Build.0 = Release|Any CPU
	EndGlobalSection
	GlobalSection(SolutionProperties) = preSolution
		HideSolutionNode = FALSE
	EndGlobalSection
	GlobalSection(ExtensibilityGlobals) = postSolution
		SolutionGuid = {E27A6068-E2AE-49A3-992A-2DE66653E502}
	EndGlobalSection
EndGlobal
