
Microsoft Visual Studio Solution File, Format Version 12.00
# Visual Studio Version 17
VisualStudioVersion = 17.5.33516.290
MinimumVisualStudioVersion = 10.0.40219.1
Project("{FAE04EC0-301F-11D3-BF4B-00C04F79EFBC}") = "Listener", "Listener\Listener.csproj", "{2AA26E20-9207-4392-812E-9F82569DC2B9}"
EndProject
Project("{FAE04EC0-301F-11D3-BF4B-00C04F79EFBC}") = "Client", "Client\Client.csproj", "{CF8BEE55-4E0D-4669-BEAC-BE44E831BDFB}"
EndProject
Global
	GlobalSection(SolutionConfigurationPlatforms) = preSolution
		Debug|Any CPU = Debug|Any CPU
		Release|Any CPU = Release|Any CPU
	EndGlobalSection
	GlobalSection(ProjectConfigurationPlatforms) = postSolution
		{2AA26E20-9207-4392-812E-9F82569DC2B9}.Debug|Any CPU.ActiveCfg = Debug|Any CPU
		{2AA26E20-9207-4392-812E-9F82569DC2B9}.Debug|Any CPU.Build.0 = Debug|Any CPU
		{2AA26E20-9207-4392-812E-9F82569DC2B9}.Release|Any CPU.ActiveCfg = Release|Any CPU
		{2AA26E20-9207-4392-812E-9F82569DC2B9}.Release|Any CPU.Build.0 = Release|Any CPU
		{CF8BEE55-4E0D-4669-BEAC-BE44E831BDFB}.Debug|Any CPU.ActiveCfg = Debug|Any CPU
		{CF8BEE55-4E0D-4669-BEAC-BE44E831BDFB}.Debug|Any CPU.Build.0 = Debug|Any CPU
		{CF8BEE55-4E0D-4669-BEAC-BE44E831BDFB}.Release|Any CPU.ActiveCfg = Release|Any CPU
		{CF8BEE55-4E0D-4669-BEAC-BE44E831BDFB}.Release|Any CPU.Build.0 = Release|Any CPU
	EndGlobalSection
	GlobalSection(SolutionProperties) = preSolution
		HideSolutionNode = FALSE
	EndGlobalSection
	GlobalSection(ExtensibilityGlobals) = postSolution
		SolutionGuid = {A610FED1-3D67-4647-8E33-4071877C8ADE}
	EndGlobalSection
EndGlobal
