
Microsoft Visual Studio Solution File, Format Version 12.00
# Visual Studio Version 17
VisualStudioVersion = 17.5.33516.290
MinimumVisualStudioVersion = 10.0.40219.1
Project("{FAE04EC0-301F-11D3-BF4B-00C04F79EFBC}") = "2806Homework", "2806Homework\2806Homework.csproj", "{20DD4AF9-730A-4DED-9621-A36E74D2CB96}"
EndProject
Global
	GlobalSection(SolutionConfigurationPlatforms) = preSolution
		Debug|Any CPU = Debug|Any CPU
		Release|Any CPU = Release|Any CPU
	EndGlobalSection
	GlobalSection(ProjectConfigurationPlatforms) = postSolution
		{20DD4AF9-730A-4DED-9621-A36E74D2CB96}.Debug|Any CPU.ActiveCfg = Debug|Any CPU
		{20DD4AF9-730A-4DED-9621-A36E74D2CB96}.Debug|Any CPU.Build.0 = Debug|Any CPU
		{20DD4AF9-730A-4DED-9621-A36E74D2CB96}.Release|Any CPU.ActiveCfg = Release|Any CPU
		{20DD4AF9-730A-4DED-9621-A36E74D2CB96}.Release|Any CPU.Build.0 = Release|Any CPU
	EndGlobalSection
	GlobalSection(SolutionProperties) = preSolution
		HideSolutionNode = FALSE
	EndGlobalSection
	GlobalSection(ExtensibilityGlobals) = postSolution
		SolutionGuid = {A64375D9-505D-4250-A89F-E1FB9D451A42}
	EndGlobalSection
EndGlobal
