
Microsoft Visual Studio Solution File, Format Version 12.00
# Visual Studio Version 17
VisualStudioVersion = 17.5.33516.290
MinimumVisualStudioVersion = 10.0.40219.1
Project("{FAE04EC0-301F-11D3-BF4B-00C04F79EFBC}") = "2106Homework", "2106Homework\2106Homework.csproj", "{BF88FB47-A0D7-497E-8211-2122454A2B84}"
EndProject
Global
	GlobalSection(SolutionConfigurationPlatforms) = preSolution
		Debug|Any CPU = Debug|Any CPU
		Release|Any CPU = Release|Any CPU
	EndGlobalSection
	GlobalSection(ProjectConfigurationPlatforms) = postSolution
		{BF88FB47-A0D7-497E-8211-2122454A2B84}.Debug|Any CPU.ActiveCfg = Debug|Any CPU
		{BF88FB47-A0D7-497E-8211-2122454A2B84}.Debug|Any CPU.Build.0 = Debug|Any CPU
		{BF88FB47-A0D7-497E-8211-2122454A2B84}.Release|Any CPU.ActiveCfg = Release|Any CPU
		{BF88FB47-A0D7-497E-8211-2122454A2B84}.Release|Any CPU.Build.0 = Release|Any CPU
	EndGlobalSection
	GlobalSection(SolutionProperties) = preSolution
		HideSolutionNode = FALSE
	EndGlobalSection
	GlobalSection(ExtensibilityGlobals) = postSolution
		SolutionGuid = {4CC38063-393A-4A6E-9216-DC9EE62C437D}
	EndGlobalSection
EndGlobal
