
Microsoft Visual Studio Solution File, Format Version 12.00
# Visual Studio Version 17
VisualStudioVersion = 17.5.33516.290
MinimumVisualStudioVersion = 10.0.40219.1
Project("{FAE04EC0-301F-11D3-BF4B-00C04F79EFBC}") = "asyncAwaitFirstHW", "asyncAwaitFirstHW.csproj", "{B1DCE563-EEEB-4749-AA92-9FA79F277E97}"
EndProject
Global
	GlobalSection(SolutionConfigurationPlatforms) = preSolution
		Debug|Any CPU = Debug|Any CPU
		Release|Any CPU = Release|Any CPU
	EndGlobalSection
	GlobalSection(ProjectConfigurationPlatforms) = postSolution
		{B1DCE563-EEEB-4749-AA92-9FA79F277E97}.Debug|Any CPU.ActiveCfg = Debug|Any CPU
		{B1DCE563-EEEB-4749-AA92-9FA79F277E97}.Debug|Any CPU.Build.0 = Debug|Any CPU
		{B1DCE563-EEEB-4749-AA92-9FA79F277E97}.Release|Any CPU.ActiveCfg = Release|Any CPU
		{B1DCE563-EEEB-4749-AA92-9FA79F277E97}.Release|Any CPU.Build.0 = Release|Any CPU
	EndGlobalSection
	GlobalSection(SolutionProperties) = preSolution
		HideSolutionNode = FALSE
	EndGlobalSection
	GlobalSection(ExtensibilityGlobals) = postSolution
		SolutionGuid = {5CA63FFB-7565-46D6-A1CD-44E281C00804}
	EndGlobalSection
EndGlobal
